
Microsoft Visual Studio Solution File, Format Version 12.00
# Visual Studio 14
VisualStudioVersion = 14.0.25420.1
MinimumVisualStudioVersion = 10.0.40219.1
Project("{00D1A9C2-B5F0-4AF3-8072-F6C62B433612}") = "GiffiDB", "GiffiDB\GiffiDB.sqlproj", "{3E0B20B1-101C-4FF1-9D57-845EE6151F6A}"
	ProjectSection(ProjectDependencies) = postProject
		{2970BA46-1CB5-47CE-9B1B-F21F9090387E} = {2970BA46-1CB5-47CE-9B1B-F21F9090387E}
	EndProjectSection
EndProject
Project("{FAE04EC0-301F-11D3-BF4B-00C04F79EFBC}") = "WebApp", "WebApp\WebApp.csproj", "{2970BA46-1CB5-47CE-9B1B-F21F9090387E}"
EndProject
Global
	GlobalSection(SolutionConfigurationPlatforms) = preSolution
		Debug|Any CPU = Debug|Any CPU
		Deploy|Any CPU = Deploy|Any CPU
		Release|Any CPU = Release|Any CPU
	EndGlobalSection
	GlobalSection(ProjectConfigurationPlatforms) = postSolution
		{3E0B20B1-101C-4FF1-9D57-845EE6151F6A}.Debug|Any CPU.ActiveCfg = Debug|Any CPU
		{3E0B20B1-101C-4FF1-9D57-845EE6151F6A}.Debug|Any CPU.Build.0 = Debug|Any CPU
		{3E0B20B1-101C-4FF1-9D57-845EE6151F6A}.Debug|Any CPU.Deploy.0 = Debug|Any CPU
		{3E0B20B1-101C-4FF1-9D57-845EE6151F6A}.Deploy|Any CPU.ActiveCfg = Deploy|Any CPU
		{3E0B20B1-101C-4FF1-9D57-845EE6151F6A}.Deploy|Any CPU.Build.0 = Deploy|Any CPU
		{3E0B20B1-101C-4FF1-9D57-845EE6151F6A}.Deploy|Any CPU.Deploy.0 = Deploy|Any CPU
		{3E0B20B1-101C-4FF1-9D57-845EE6151F6A}.Release|Any CPU.ActiveCfg = Release|Any CPU
		{3E0B20B1-101C-4FF1-9D57-845EE6151F6A}.Release|Any CPU.Build.0 = Release|Any CPU
		{3E0B20B1-101C-4FF1-9D57-845EE6151F6A}.Release|Any CPU.Deploy.0 = Release|Any CPU
		{2970BA46-1CB5-47CE-9B1B-F21F9090387E}.Debug|Any CPU.ActiveCfg = Debug|Any CPU
		{2970BA46-1CB5-47CE-9B1B-F21F9090387E}.Debug|Any CPU.Build.0 = Debug|Any CPU
		{2970BA46-1CB5-47CE-9B1B-F21F9090387E}.Debug|Any CPU.Deploy.0 = Debug|Any CPU
		{2970BA46-1CB5-47CE-9B1B-F21F9090387E}.Deploy|Any CPU.ActiveCfg = Deploy|Any CPU
		{2970BA46-1CB5-47CE-9B1B-F21F9090387E}.Deploy|Any CPU.Build.0 = Deploy|Any CPU
		{2970BA46-1CB5-47CE-9B1B-F21F9090387E}.Release|Any CPU.ActiveCfg = Release|Any CPU
		{2970BA46-1CB5-47CE-9B1B-F21F9090387E}.Release|Any CPU.Build.0 = Release|Any CPU
	EndGlobalSection
	GlobalSection(SolutionProperties) = preSolution
		HideSolutionNode = FALSE
	EndGlobalSection
EndGlobal
